// !$*UTF8*$!
{
	archiveVersion = 1;
	classes = {
	};
	objectVersion = 50;
	objects = {

/* Begin PBXBuildFile section */
		EC3BC3BD23BBF27900BBB7BE /* AppDelegate.swift in Sources */ = {isa = PBXBuildFile; fileRef = EC3BC3BC23BBF27900BBB7BE /* AppDelegate.swift */; };
		EC3BC3BF23BBF27900BBB7BE /* SceneDelegate.swift in Sources */ = {isa = PBXBuildFile; fileRef = EC3BC3BE23BBF27900BBB7BE /* SceneDelegate.swift */; };
		EC3BC3C123BBF27900BBB7BE /* ContentView.swift in Sources */ = {isa = PBXBuildFile; fileRef = EC3BC3C023BBF27900BBB7BE /* ContentView.swift */; };
		EC3BC3C323BBF27A00BBB7BE /* Assets.xcassets in Resources */ = {isa = PBXBuildFile; fileRef = EC3BC3C223BBF27A00BBB7BE /* Assets.xcassets */; };
		EC3BC3C623BBF27A00BBB7BE /* Preview Assets.xcassets in Resources */ = {isa = PBXBuildFile; fileRef = EC3BC3C523BBF27A00BBB7BE /* Preview Assets.xcassets */; };
		EC3BC3C923BBF27A00BBB7BE /* LaunchScreen.storyboard in Resources */ = {isa = PBXBuildFile; fileRef = EC3BC3C723BBF27A00BBB7BE /* LaunchScreen.storyboard */; };
		EC3BC3D423BBF27A00BBB7BE /* DynamicListTests.swift in Sources */ = {isa = PBXBuildFile; fileRef = EC3BC3D323BBF27A00BBB7BE /* DynamicListTests.swift */; };
		EC3BC3DF23BBF27A00BBB7BE /* DynamicListUITests.swift in Sources */ = {isa = PBXBuildFile; fileRef = EC3BC3DE23BBF27A00BBB7BE /* DynamicListUITests.swift */; };
/* End PBXBuildFile section */

/* Begin PBXContainerItemProxy section */
		EC3BC3D023BBF27A00BBB7BE /* PBXContainerItemProxy */ = {
			isa = PBXContainerItemProxy;
			containerPortal = EC3BC3B123BBF27900BBB7BE /* Project object */;
			proxyType = 1;
			remoteGlobalIDString = EC3BC3B823BBF27900BBB7BE;
			remoteInfo = DynamicList;
		};
		EC3BC3DB23BBF27A00BBB7BE /* PBXContainerItemProxy */ = {
			isa = PBXContainerItemProxy;
			containerPortal = EC3BC3B123BBF27900BBB7BE /* Project object */;
			proxyType = 1;
			remoteGlobalIDString = EC3BC3B823BBF27900BBB7BE;
			remoteInfo = DynamicList;
		};
/* End PBXContainerItemProxy section */

/* Begin PBXFileReference section */
		EC3BC3B923BBF27900BBB7BE /* DynamicList.app */ = {isa = PBXFileReference; explicitFileType = wrapper.application; includeInIndex = 0; path = DynamicList.app; sourceTree = BUILT_PRODUCTS_DIR; };
		EC3BC3BC23BBF27900BBB7BE /* AppDelegate.swift */ = {isa = PBXFileReference; lastKnownFileType = sourcecode.swift; path = AppDelegate.swift; sourceTree = "<group>"; };
		EC3BC3BE23BBF27900BBB7BE /* SceneDelegate.swift */ = {isa = PBXFileReference; lastKnownFileType = sourcecode.swift; path = SceneDelegate.swift; sourceTree = "<group>"; };
		EC3BC3C023BBF27900BBB7BE /* ContentView.swift */ = {isa = PBXFileReference; lastKnownFileType = sourcecode.swift; path = ContentView.swift; sourceTree = "<group>"; };
		EC3BC3C223BBF27A00BBB7BE /* Assets.xcassets */ = {isa = PBXFileReference; lastKnownFileType = folder.assetcatalog; path = Assets.xcassets; sourceTree = "<group>"; };
		EC3BC3C523BBF27A00BBB7BE /* Preview Assets.xcassets */ = {isa = PBXFileReference; lastKnownFileType = folder.assetcatalog; path = "Preview Assets.xcassets"; sourceTree = "<group>"; };
		EC3BC3C823BBF27A00BBB7BE /* Base */ = {isa = PBXFileReference; lastKnownFileType = file.storyboard; name = Base; path = Base.lproj/LaunchScreen.storyboard; sourceTree = "<group>"; };
		EC3BC3CA23BBF27A00BBB7BE /* Info.plist */ = {isa = PBXFileReference; lastKnownFileType = text.plist.xml; path = Info.plist; sourceTree = "<group>"; };
		EC3BC3CF23BBF27A00BBB7BE /* DynamicListTests.xctest */ = {isa = PBXFileReference; explicitFileType = wrapper.cfbundle; includeInIndex = 0; path = DynamicListTests.xctest; sourceTree = BUILT_PRODUCTS_DIR; };
		EC3BC3D323BBF27A00BBB7BE /* DynamicListTests.swift */ = {isa = PBXFileReference; lastKnownFileType = sourcecode.swift; path = DynamicListTests.swift; sourceTree = "<group>"; };
		EC3BC3D523BBF27A00BBB7BE /* Info.plist */ = {isa = PBXFileReference; lastKnownFileType = text.plist.xml; path = Info.plist; sourceTree = "<group>"; };
		EC3BC3DA23BBF27A00BBB7BE /* DynamicListUITests.xctest */ = {isa = PBXFileReference; explicitFileType = wrapper.cfbundle; includeInIndex = 0; path = DynamicListUITests.xctest; sourceTree = BUILT_PRODUCTS_DIR; };
		EC3BC3DE23BBF27A00BBB7BE /* DynamicListUITests.swift */ = {isa = PBXFileReference; lastKnownFileType = sourcecode.swift; path = DynamicListUITests.swift; sourceTree = "<group>"; };
		EC3BC3E023BBF27B00BBB7BE /* Info.plist */ = {isa = PBXFileReference; lastKnownFileType = text.plist.xml; path = Info.plist; sourceTree = "<group>"; };
/* End PBXFileReference section */

/* Begin PBXFrameworksBuildPhase section */
		EC3BC3B623BBF27900BBB7BE /* Frameworks */ = {
			isa = PBXFrameworksBuildPhase;
			buildActionMask = 2147483647;
			files = (
			);
			runOnlyForDeploymentPostprocessing = 0;
		};
		EC3BC3CC23BBF27A00BBB7BE /* Frameworks */ = {
			isa = PBXFrameworksBuildPhase;
			buildActionMask = 2147483647;
			files = (
			);
			runOnlyForDeploymentPostprocessing = 0;
		};
		EC3BC3D723BBF27A00BBB7BE /* Frameworks */ = {
			isa = PBXFrameworksBuildPhase;
			buildActionMask = 2147483647;
			files = (
			);
			runOnlyForDeploymentPostprocessing = 0;
		};
/* End PBXFrameworksBuildPhase section */

/* Begin PBXGroup section */
		EC3BC3B023BBF27900BBB7BE = {
			isa = PBXGroup;
			children = (
				EC3BC3BB23BBF27900BBB7BE /* DynamicList */,
				EC3BC3D223BBF27A00BBB7BE /* DynamicListTests */,
				EC3BC3DD23BBF27A00BBB7BE /* DynamicListUITests */,
				EC3BC3BA23BBF27900BBB7BE /* Products */,
			);
			sourceTree = "<group>";
		};
		EC3BC3BA23BBF27900BBB7BE /* Products */ = {
			isa = PBXGroup;
			children = (
				EC3BC3B923BBF27900BBB7BE /* DynamicList.app */,
				EC3BC3CF23BBF27A00BBB7BE /* DynamicListTests.xctest */,
				EC3BC3DA23BBF27A00BBB7BE /* DynamicListUITests.xctest */,
			);
			name = Products;
			sourceTree = "<group>";
		};
		EC3BC3BB23BBF27900BBB7BE /* DynamicList */ = {
			isa = PBXGroup;
			children = (
				EC3BC3BC23BBF27900BBB7BE /* AppDelegate.swift */,
				EC3BC3BE23BBF27900BBB7BE /* SceneDelegate.swift */,
				EC3BC3C023BBF27900BBB7BE /* ContentView.swift */,
				EC3BC3C223BBF27A00BBB7BE /* Assets.xcassets */,
				EC3BC3C723BBF27A00BBB7BE /* LaunchScreen.storyboard */,
				EC3BC3CA23BBF27A00BBB7BE /* Info.plist */,
				EC3BC3C423BBF27A00BBB7BE /* Preview Content */,
			);
			path = DynamicList;
			sourceTree = "<group>";
		};
		EC3BC3C423BBF27A00BBB7BE /* Preview Content */ = {
			isa = PBXGroup;
			children = (
				EC3BC3C523BBF27A00BBB7BE /* Preview Assets.xcassets */,
			);
			path = "Preview Content";
			sourceTree = "<group>";
		};
		EC3BC3D223BBF27A00BBB7BE /* DynamicListTests */ = {
			isa = PBXGroup;
			children = (
				EC3BC3D323BBF27A00BBB7BE /* DynamicListTests.swift */,
				EC3BC3D523BBF27A00BBB7BE /* Info.plist */,
			);
			path = DynamicListTests;
			sourceTree = "<group>";
		};
		EC3BC3DD23BBF27A00BBB7BE /* DynamicListUITests */ = {
			isa = PBXGroup;
			children = (
				EC3BC3DE23BBF27A00BBB7BE /* DynamicListUITests.swift */,
				EC3BC3E023BBF27B00BBB7BE /* Info.plist */,
			);
			path = DynamicListUITests;
			sourceTree = "<group>";
		};
/* End PBXGroup section */

/* Begin PBXNativeTarget section */
		EC3BC3B823BBF27900BBB7BE /* DynamicList */ = {
			isa = PBXNativeTarget;
			buildConfigurationList = EC3BC3E323BBF27B00BBB7BE /* Build configuration list for PBXNativeTarget "DynamicList" */;
			buildPhases = (
				EC3BC3B523BBF27900BBB7BE /* Sources */,
				EC3BC3B623BBF27900BBB7BE /* Frameworks */,
				EC3BC3B723BBF27900BBB7BE /* Resources */,
			);
			buildRules = (
			);
			dependencies = (
			);
			name = DynamicList;
			productName = DynamicList;
			productReference = EC3BC3B923BBF27900BBB7BE /* DynamicList.app */;
			productType = "com.apple.product-type.application";
		};
		EC3BC3CE23BBF27A00BBB7BE /* DynamicListTests */ = {
			isa = PBXNativeTarget;
			buildConfigurationList = EC3BC3E623BBF27B00BBB7BE /* Build configuration list for PBXNativeTarget "DynamicListTests" */;
			buildPhases = (
				EC3BC3CB23BBF27A00BBB7BE /* Sources */,
				EC3BC3CC23BBF27A00BBB7BE /* Frameworks */,
				EC3BC3CD23BBF27A00BBB7BE /* Resources */,
			);
			buildRules = (
			);
			dependencies = (
				EC3BC3D123BBF27A00BBB7BE /* PBXTargetDependency */,
			);
			name = DynamicListTests;
			productName = DynamicListTests;
			productReference = EC3BC3CF23BBF27A00BBB7BE /* DynamicListTests.xctest */;
			productType = "com.apple.product-type.bundle.unit-test";
		};
		EC3BC3D923BBF27A00BBB7BE /* DynamicListUITests */ = {
			isa = PBXNativeTarget;
			buildConfigurationList = EC3BC3E923BBF27B00BBB7BE /* Build configuration list for PBXNativeTarget "DynamicListUITests" */;
			buildPhases = (
				EC3BC3D623BBF27A00BBB7BE /* Sources */,
				EC3BC3D723BBF27A00BBB7BE /* Frameworks */,
				EC3BC3D823BBF27A00BBB7BE /* Resources */,
			);
			buildRules = (
			);
			dependencies = (
				EC3BC3DC23BBF27A00BBB7BE /* PBXTargetDependency */,
			);
			name = DynamicListUITests;
			productName = DynamicListUITests;
			productReference = EC3BC3DA23BBF27A00BBB7BE /* DynamicListUITests.xctest */;
			productType = "com.apple.product-type.bundle.ui-testing";
		};
/* End PBXNativeTarget section */

/* Begin PBXProject section */
		EC3BC3B123BBF27900BBB7BE /* Project object */ = {
			isa = PBXProject;
			attributes = {
				LastSwiftUpdateCheck = 1120;
				LastUpgradeCheck = 1120;
				ORGANIZATIONNAME = jnr;
				TargetAttributes = {
					EC3BC3B823BBF27900BBB7BE = {
						CreatedOnToolsVersion = 11.2.1;
					};
					EC3BC3CE23BBF27A00BBB7BE = {
						CreatedOnToolsVersion = 11.2.1;
						TestTargetID = EC3BC3B823BBF27900BBB7BE;
					};
					EC3BC3D923BBF27A00BBB7BE = {
						CreatedOnToolsVersion = 11.2.1;
						TestTargetID = EC3BC3B823BBF27900BBB7BE;
					};
				};
			};
			buildConfigurationList = EC3BC3B423BBF27900BBB7BE /* Build configuration list for PBXProject "DynamicList" */;
			compatibilityVersion = "Xcode 9.3";
			developmentRegion = en;
			hasScannedForEncodings = 0;
			knownRegions = (
				en,
				Base,
			);
			mainGroup = EC3BC3B023BBF27900BBB7BE;
			productRefGroup = EC3BC3BA23BBF27900BBB7BE /* Products */;
			projectDirPath = "";
			projectRoot = "";
			targets = (
				EC3BC3B823BBF27900BBB7BE /* DynamicList */,
				EC3BC3CE23BBF27A00BBB7BE /* DynamicListTests */,
				EC3BC3D923BBF27A00BBB7BE /* DynamicListUITests */,
			);
		};
/* End PBXProject section */

/* Begin PBXResourcesBuildPhase section */
		EC3BC3B723BBF27900BBB7BE /* Resources */ = {
			isa = PBXResourcesBuildPhase;
			buildActionMask = 2147483647;
			files = (
				EC3BC3C923BBF27A00BBB7BE /* LaunchScreen.storyboard in Resources */,
				EC3BC3C623BBF27A00BBB7BE /* Preview Assets.xcassets in Resources */,
				EC3BC3C323BBF27A00BBB7BE /* Assets.xcassets in Resources */,
			);
			runOnlyForDeploymentPostprocessing = 0;
		};
		EC3BC3CD23BBF27A00BBB7BE /* Resources */ = {
			isa = PBXResourcesBuildPhase;
			buildActionMask = 2147483647;
			files = (
			);
			runOnlyForDeploymentPostprocessing = 0;
		};
		EC3BC3D823BBF27A00BBB7BE /* Resources */ = {
			isa = PBXResourcesBuildPhase;
			buildActionMask = 2147483647;
			files = (
			);
			runOnlyForDeploymentPostprocessing = 0;
		};
/* End PBXResourcesBuildPhase section */

/* Begin PBXSourcesBuildPhase section */
		EC3BC3B523BBF27900BBB7BE /* Sources */ = {
			isa = PBXSourcesBuildPhase;
			buildActionMask = 2147483647;
			files = (
				EC3BC3BD23BBF27900BBB7BE /* AppDelegate.swift in Sources */,
				EC3BC3BF23BBF27900BBB7BE /* SceneDelegate.swift in Sources */,
				EC3BC3C123BBF27900BBB7BE /* ContentView.swift in Sources */,
			);
			runOnlyForDeploymentPostprocessing = 0;
		};
		EC3BC3CB23BBF27A00BBB7BE /* Sources */ = {
			isa = PBXSourcesBuildPhase;
			buildActionMask = 2147483647;
			files = (
				EC3BC3D423BBF27A00BBB7BE /* DynamicListTests.swift in Sources */,
			);
			runOnlyForDeploymentPostprocessing = 0;
		};
		EC3BC3D623BBF27A00BBB7BE /* Sources */ = {
			isa = PBXSourcesBuildPhase;
			buildActionMask = 2147483647;
			files = (
				EC3BC3DF23BBF27A00BBB7BE /* DynamicListUITests.swift in Sources */,
			);
			runOnlyForDeploymentPostprocessing = 0;
		};
/* End PBXSourcesBuildPhase section */

/* Begin PBXTargetDependency section */
		EC3BC3D123BBF27A00BBB7BE /* PBXTargetDependency */ = {
			isa = PBXTargetDependency;
			target = EC3BC3B823BBF27900BBB7BE /* DynamicList */;
			targetProxy = EC3BC3D023BBF27A00BBB7BE /* PBXContainerItemProxy */;
		};
		EC3BC3DC23BBF27A00BBB7BE /* PBXTargetDependency */ = {
			isa = PBXTargetDependency;
			target = EC3BC3B823BBF27900BBB7BE /* DynamicList */;
			targetProxy = EC3BC3DB23BBF27A00BBB7BE /* PBXContainerItemProxy */;
		};
/* End PBXTargetDependency section */

/* Begin PBXVariantGroup section */
		EC3BC3C723BBF27A00BBB7BE /* LaunchScreen.storyboard */ = {
			isa = PBXVariantGroup;
			children = (
				EC3BC3C823BBF27A00BBB7BE /* Base */,
			);
			name = LaunchScreen.storyboard;
			sourceTree = "<group>";
		};
/* End PBXVariantGroup section */

/* Begin XCBuildConfiguration section */
		EC3BC3E123BBF27B00BBB7BE /* Debug */ = {
			isa = XCBuildConfiguration;
			buildSettings = {
				ALWAYS_SEARCH_USER_PATHS = NO;
				CLANG_ANALYZER_NONNULL = YES;
				CLANG_ANALYZER_NUMBER_OBJECT_CONVERSION = YES_AGGRESSIVE;
				CLANG_CXX_LANGUAGE_STANDARD = "gnu++14";
				CLANG_CXX_LIBRARY = "libc++";
				CLANG_ENABLE_MODULES = YES;
				CLANG_ENABLE_OBJC_ARC = YES;
				CLANG_ENABLE_OBJC_WEAK = YES;
				CLANG_WARN_BLOCK_CAPTURE_AUTORELEASING = YES;
				CLANG_WARN_BOOL_CONVERSION = YES;
				CLANG_WARN_COMMA = YES;
				CLANG_WARN_CONSTANT_CONVERSION = YES;
				CLANG_WARN_DEPRECATED_OBJC_IMPLEMENTATIONS = YES;
				CLANG_WARN_DIRECT_OBJC_ISA_USAGE = YES_ERROR;
				CLANG_WARN_DOCUMENTATION_COMMENTS = YES;
				CLANG_WARN_EMPTY_BODY = YES;
				CLANG_WARN_ENUM_CONVERSION = YES;
				CLANG_WARN_INFINITE_RECURSION = YES;
				CLANG_WARN_INT_CONVERSION = YES;
				CLANG_WARN_NON_LITERAL_NULL_CONVERSION = YES;
				CLANG_WARN_OBJC_IMPLICIT_RETAIN_SELF = YES;
				CLANG_WARN_OBJC_LITERAL_CONVERSION = YES;
				CLANG_WARN_OBJC_ROOT_CLASS = YES_ERROR;
				CLANG_WARN_RANGE_LOOP_ANALYSIS = YES;
				CLANG_WARN_STRICT_PROTOTYPES = YES;
				CLANG_WARN_SUSPICIOUS_MOVE = YES;
				CLANG_WARN_UNGUARDED_AVAILABILITY = YES_AGGRESSIVE;
				CLANG_WARN_UNREACHABLE_CODE = YES;
				CLANG_WARN__DUPLICATE_METHOD_MATCH = YES;
				COPY_PHASE_STRIP = NO;
				DEBUG_INFORMATION_FORMAT = dwarf;
				ENABLE_STRICT_OBJC_MSGSEND = YES;
				ENABLE_TESTABILITY = YES;
				GCC_C_LANGUAGE_STANDARD = gnu11;
				GCC_DYNAMIC_NO_PIC = NO;
				GCC_NO_COMMON_BLOCKS = YES;
				GCC_OPTIMIZATION_LEVEL = 0;
				GCC_PREPROCESSOR_DEFINITIONS = (
					"DEBUG=1",
					"$(inherited)",
				);
				GCC_WARN_64_TO_32_BIT_CONVERSION = YES;
				GCC_WARN_ABOUT_RETURN_TYPE = YES_ERROR;
				GCC_WARN_UNDECLARED_SELECTOR = YES;
				GCC_WARN_UNINITIALIZED_AUTOS = YES_AGGRESSIVE;
				GCC_WARN_UNUSED_FUNCTION = YES;
				GCC_WARN_UNUSED_VARIABLE = YES;
				IPHONEOS_DEPLOYMENT_TARGET = 13.2;
				MTL_ENABLE_DEBUG_INFO = INCLUDE_SOURCE;
				MTL_FAST_MATH = YES;
				ONLY_ACTIVE_ARCH = YES;
				SDKROOT = iphoneos;
				SWIFT_ACTIVE_COMPILATION_CONDITIONS = DEBUG;
				SWIFT_OPTIMIZATION_LEVEL = "-Onone";
			};
			name = Debug;
		};
		EC3BC3E223BBF27B00BBB7BE /* Release */ = {
			isa = XCBuildConfiguration;
			buildSettings = {
				ALWAYS_SEARCH_USER_PATHS = NO;
				CLANG_ANALYZER_NONNULL = YES;
				CLANG_ANALYZER_NUMBER_OBJECT_CONVERSION = YES_AGGRESSIVE;
				CLANG_CXX_LANGUAGE_STANDARD = "gnu++14";
				CLANG_CXX_LIBRARY = "libc++";
				CLANG_ENABLE_MODULES = YES;
				CLANG_ENABLE_OBJC_ARC = YES;
				CLANG_ENABLE_OBJC_WEAK = YES;
				CLANG_WARN_BLOCK_CAPTURE_AUTORELEASING = YES;
				CLANG_WARN_BOOL_CONVERSION = YES;
				CLANG_WARN_COMMA = YES;
				CLANG_WARN_CONSTANT_CONVERSION = YES;
				CLANG_WARN_DEPRECATED_OBJC_IMPLEMENTATIONS = YES;
				CLANG_WARN_DIRECT_OBJC_ISA_USAGE = YES_ERROR;
				CLANG_WARN_DOCUMENTATION_COMMENTS = YES;
				CLANG_WARN_EMPTY_BODY = YES;
				CLANG_WARN_ENUM_CONVERSION = YES;
				CLANG_WARN_INFINITE_RECURSION = YES;
				CLANG_WARN_INT_CONVERSION = YES;
				CLANG_WARN_NON_LITERAL_NULL_CONVERSION = YES;
				CLANG_WARN_OBJC_IMPLICIT_RETAIN_SELF = YES;
				CLANG_WARN_OBJC_LITERAL_CONVERSION = YES;
				CLANG_WARN_OBJC_ROOT_CLASS = YES_ERROR;
				CLANG_WARN_RANGE_LOOP_ANALYSIS = YES;
				CLANG_WARN_STRICT_PROTOTYPES = YES;
				CLANG_WARN_SUSPICIOUS_MOVE = YES;
				CLANG_WARN_UNGUARDED_AVAILABILITY = YES_AGGRESSIVE;
				CLANG_WARN_UNREACHABLE_CODE = YES;
				CLANG_WARN__DUPLICATE_METHOD_MATCH = YES;
				COPY_PHASE_STRIP = NO;
				DEBUG_INFORMATION_FORMAT = "dwarf-with-dsym";
				ENABLE_NS_ASSERTIONS = NO;
				ENABLE_STRICT_OBJC_MSGSEND = YES;
				GCC_C_LANGUAGE_STANDARD = gnu11;
				GCC_NO_COMMON_BLOCKS = YES;
				GCC_WARN_64_TO_32_BIT_CONVERSION = YES;
				GCC_WARN_ABOUT_RETURN_TYPE = YES_ERROR;
				GCC_WARN_UNDECLARED_SELECTOR = YES;
				GCC_WARN_UNINITIALIZED_AUTOS = YES_AGGRESSIVE;
				GCC_WARN_UNUSED_FUNCTION = YES;
				GCC_WARN_UNUSED_VARIABLE = YES;
				IPHONEOS_DEPLOYMENT_TARGET = 13.2;
				MTL_ENABLE_DEBUG_INFO = NO;
				MTL_FAST_MATH = YES;
				SDKROOT = iphoneos;
				SWIFT_COMPILATION_MODE = wholemodule;
				SWIFT_OPTIMIZATION_LEVEL = "-O";
				VALIDATE_PRODUCT = YES;
			};
			name = Release;
		};
		EC3BC3E423BBF27B00BBB7BE /* Debug */ = {
			isa = XCBuildConfiguration;
			buildSettings = {
				ASSETCATALOG_COMPILER_APPICON_NAME = AppIcon;
				CODE_SIGN_STYLE = Automatic;
				DEVELOPMENT_ASSET_PATHS = "\"DynamicList/Preview Content\"";
				DEVELOPMENT_TEAM = 3Y2362CV48;
				ENABLE_PREVIEWS = YES;
				INFOPLIST_FILE = DynamicList/Info.plist;
				LD_RUNPATH_SEARCH_PATHS = (
					"$(inherited)",
					"@executable_path/Frameworks",
				);
				PRODUCT_BUNDLE_IDENTIFIER = com.jnr.DynamicList;
				PRODUCT_NAME = "$(TARGET_NAME)";
				SWIFT_VERSION = 5.0;
				TARGETED_DEVICE_FAMILY = "1,2";
			};
			name = Debug;
		};
		EC3BC3E523BBF27B00BBB7BE /* Release */ = {
			isa = XCBuildConfiguration;
			buildSettings = {
				ASSETCATALOG_COMPILER_APPICON_NAME = AppIcon;
				CODE_SIGN_STYLE = Automatic;
				DEVELOPMENT_ASSET_PATHS = "\"DynamicList/Preview Content\"";
				DEVELOPMENT_TEAM = 3Y2362CV48;
				ENABLE_PREVIEWS = YES;
				INFOPLIST_FILE = DynamicList/Info.plist;
				LD_RUNPATH_SEARCH_PATHS = (
					"$(inherited)",
					"@executable_path/Frameworks",
				);
				PRODUCT_BUNDLE_IDENTIFIER = com.jnr.DynamicList;
				PRODUCT_NAME = "$(TARGET_NAME)";
				SWIFT_VERSION = 5.0;
				TARGETED_DEVICE_FAMILY = "1,2";
			};
			name = Release;
		};
		EC3BC3E723BBF27B00BBB7BE /* Debug */ = {
			isa = XCBuildConfiguration;
			buildSettings = {
				ALWAYS_EMBED_SWIFT_STANDARD_LIBRARIES = YES;
				BUNDLE_LOADER = "$(TEST_HOST)";
				CODE_SIGN_STYLE = Automatic;
				DEVELOPMENT_TEAM = 3Y2362CV48;
				INFOPLIST_FILE = DynamicListTests/Info.plist;
				IPHONEOS_DEPLOYMENT_TARGET = 13.2;
				LD_RUNPATH_SEARCH_PATHS = (
					"$(inherited)",
					"@executable_path/Frameworks",
					"@loader_path/Frameworks",
				);
				PRODUCT_BUNDLE_IDENTIFIER = com.jnr.DynamicListTests;
				PRODUCT_NAME = "$(TARGET_NAME)";
				SWIFT_VERSION = 5.0;
				TARGETED_DEVICE_FAMILY = "1,2";
				TEST_HOST = "$(BUILT_PRODUCTS_DIR)/DynamicList.app/DynamicList";
			};
			name = Debug;
		};
		EC3BC3E823BBF27B00BBB7BE /* Release */ = {
			isa = XCBuildConfiguration;
			buildSettings = {
				ALWAYS_EMBED_SWIFT_STANDARD_LIBRARIES = YES;
				BUNDLE_LOADER = "$(TEST_HOST)";
				CODE_SIGN_STYLE = Automatic;
				DEVELOPMENT_TEAM = 3Y2362CV48;
				INFOPLIST_FILE = DynamicListTests/Info.plist;
				IPHONEOS_DEPLOYMENT_TARGET = 13.2;
				LD_RUNPATH_SEARCH_PATHS = (
					"$(inherited)",
					"@executable_path/Frameworks",
					"@loader_path/Frameworks",
				);
				PRODUCT_BUNDLE_IDENTIFIER = com.jnr.DynamicListTests;
				PRODUCT_NAME = "$(TARGET_NAME)";
				SWIFT_VERSION = 5.0;
				TARGETED_DEVICE_FAMILY = "1,2";
				TEST_HOST = "$(BUILT_PRODUCTS_DIR)/DynamicList.app/DynamicList";
			};
			name = Release;
		};
		EC3BC3EA23BBF27B00BBB7BE /* Debug */ = {
			isa = XCBuildConfiguration;
			buildSettings = {
				ALWAYS_EMBED_SWIFT_STANDARD_LIBRARIES = YES;
				CODE_SIGN_STYLE = Automatic;
				DEVELOPMENT_TEAM = 3Y2362CV48;
				INFOPLIST_FILE = DynamicListUITests/Info.plist;
				LD_RUNPATH_SEARCH_PATHS = (
					"$(inherited)",
					"@executable_path/Frameworks",
					"@loader_path/Frameworks",
				);
				PRODUCT_BUNDLE_IDENTIFIER = com.jnr.DynamicListUITests;
				PRODUCT_NAME = "$(TARGET_NAME)";
				SWIFT_VERSION = 5.0;
				TARGETED_DEVICE_FAMILY = "1,2";
				TEST_TARGET_NAME = DynamicList;
			};
			name = Debug;
		};
		EC3BC3EB23BBF27B00BBB7BE /* Release */ = {
			isa = XCBuildConfiguration;
			buildSettings = {
				ALWAYS_EMBED_SWIFT_STANDARD_LIBRARIES = YES;
				CODE_SIGN_STYLE = Automatic;
				DEVELOPMENT_TEAM = 3Y2362CV48;
				INFOPLIST_FILE = DynamicListUITests/Info.plist;
				LD_RUNPATH_SEARCH_PATHS = (
					"$(inherited)",
					"@executable_path/Frameworks",
					"@loader_path/Frameworks",
				);
				PRODUCT_BUNDLE_IDENTIFIER = com.jnr.DynamicListUITests;
				PRODUCT_NAME = "$(TARGET_NAME)";
				SWIFT_VERSION = 5.0;
				TARGETED_DEVICE_FAMILY = "1,2";
				TEST_TARGET_NAME = DynamicList;
			};
			name = Release;
		};
/* End XCBuildConfiguration section */

/* Begin XCConfigurationList section */
		EC3BC3B423BBF27900BBB7BE /* Build configuration list for PBXProject "DynamicList" */ = {
			isa = XCConfigurationList;
			buildConfigurations = (
				EC3BC3E123BBF27B00BBB7BE /* Debug */,
				EC3BC3E223BBF27B00BBB7BE /* Release */,
			);
			defaultConfigurationIsVisible = 0;
			defaultConfigurationName = Release;
		};
		EC3BC3E323BBF27B00BBB7BE /* Build configuration list for PBXNativeTarget "DynamicList" */ = {
			isa = XCConfigurationList;
			buildConfigurations = (
				EC3BC3E423BBF27B00BBB7BE /* Debug */,
				EC3BC3E523BBF27B00BBB7BE /* Release */,
			);
			defaultConfigurationIsVisible = 0;
			defaultConfigurationName = Release;
		};
		EC3BC3E623BBF27B00BBB7BE /* Build configuration list for PBXNativeTarget "DynamicListTests" */ = {
			isa = XCConfigurationList;
			buildConfigurations = (
				EC3BC3E723BBF27B00BBB7BE /* Debug */,
				EC3BC3E823BBF27B00BBB7BE /* Release */,
			);
			defaultConfigurationIsVisible = 0;
			defaultConfigurationName = Release;
		};
		EC3BC3E923BBF27B00BBB7BE /* Build configuration list for PBXNativeTarget "DynamicListUITests" */ = {
			isa = XCConfigurationList;
			buildConfigurations = (
				EC3BC3EA23BBF27B00BBB7BE /* Debug */,
				EC3BC3EB23BBF27B00BBB7BE /* Release */,
			);
			defaultConfigurationIsVisible = 0;
			defaultConfigurationName = Release;
		};
/* End XCConfigurationList section */
	};
	rootObject = EC3BC3B123BBF27900BBB7BE /* Project object */;
}
